
Microsoft Visual Studio Solution File, Format Version 12.00
# Visual Studio Version 16
VisualStudioVersion = 16.0.30503.244
MinimumVisualStudioVersion = 10.0.40219.1
Project("{FAE04EC0-301F-11D3-BF4B-00C04F79EFBC}") = "babelDemo05102020", "babelDemo05102020.csproj", "{648E9FB7-C952-4FFC-8C1F-36C009DD8F87}"
EndProject
Global
	GlobalSection(SolutionConfigurationPlatforms) = preSolution
		Debug|Any CPU = Debug|Any CPU
		Release|Any CPU = Release|Any CPU
	EndGlobalSection
	GlobalSection(ProjectConfigurationPlatforms) = postSolution
		{648E9FB7-C952-4FFC-8C1F-36C009DD8F87}.Debug|Any CPU.ActiveCfg = Debug|Any CPU
		{648E9FB7-C952-4FFC-8C1F-36C009DD8F87}.Debug|Any CPU.Build.0 = Debug|Any CPU
		{648E9FB7-C952-4FFC-8C1F-36C009DD8F87}.Release|Any CPU.ActiveCfg = Release|Any CPU
		{648E9FB7-C952-4FFC-8C1F-36C009DD8F87}.Release|Any CPU.Build.0 = Release|Any CPU
	EndGlobalSection
	GlobalSection(SolutionProperties) = preSolution
		HideSolutionNode = FALSE
	EndGlobalSection
	GlobalSection(ExtensibilityGlobals) = postSolution
		SolutionGuid = {2ED62D63-A923-4BB9-BAC2-46936F072C99}
	EndGlobalSection
EndGlobal
